
Microsoft Visual Studio Solution File, Format Version 12.00
# Visual Studio Version 16
VisualStudioVersion = 16.0.810.14
MinimumVisualStudioVersion = 10.0.40219.1
Project("{FAE04EC0-301F-11D3-BF4B-00C04F79EFBC}") = "UploadApplication", "UploadApplication.csproj", "{AF1CE251-2D0E-47A7-9F01-91B9CAA06F2D}"
EndProject
Global
	GlobalSection(SolutionConfigurationPlatforms) = preSolution
		Debug|Any CPU = Debug|Any CPU
		Release|Any CPU = Release|Any CPU
	EndGlobalSection
	GlobalSection(ProjectConfigurationPlatforms) = postSolution
		{AF1CE251-2D0E-47A7-9F01-91B9CAA06F2D}.Debug|Any CPU.ActiveCfg = Debug|Any CPU
		{AF1CE251-2D0E-47A7-9F01-91B9CAA06F2D}.Debug|Any CPU.Build.0 = Debug|Any CPU
		{AF1CE251-2D0E-47A7-9F01-91B9CAA06F2D}.Release|Any CPU.ActiveCfg = Release|Any CPU
		{AF1CE251-2D0E-47A7-9F01-91B9CAA06F2D}.Release|Any CPU.Build.0 = Release|Any CPU
	EndGlobalSection
	GlobalSection(SolutionProperties) = preSolution
		HideSolutionNode = FALSE
	EndGlobalSection
	GlobalSection(ExtensibilityGlobals) = postSolution
		SolutionGuid = {A0B93A07-2CED-4776-83E3-BAE8E8CCDF14}
	EndGlobalSection
EndGlobal
